
Microsoft Visual Studio Solution File, Format Version 12.00
# Visual Studio Version 16
VisualStudioVersion = 16.0.31613.86
MinimumVisualStudioVersion = 10.0.40219.1
Project("{9A19103F-16F7-4668-BE54-9A1E7A4F7556}") = "todonancy.Common", "todonancy.Common\todonancy.Common.csproj", "{34D65F7C-4CA6-4DE8-82AE-9DC3AA879840}"
EndProject
Project("{9A19103F-16F7-4668-BE54-9A1E7A4F7556}") = "todonancy.Function", "todonancy.Function\todonancy.Function.csproj", "{2578266A-EE12-4483-9E7D-F6CD75301FF1}"
EndProject
Project("{9A19103F-16F7-4668-BE54-9A1E7A4F7556}") = "todonancy.Test", "todonancy.Test\todonancy.Test.csproj", "{99D0EB97-D580-4EE6-BD3D-7D926BFEDFAF}"
EndProject
Global
	GlobalSection(SolutionConfigurationPlatforms) = preSolution
		Debug|Any CPU = Debug|Any CPU
		Release|Any CPU = Release|Any CPU
	EndGlobalSection
	GlobalSection(ProjectConfigurationPlatforms) = postSolution
		{34D65F7C-4CA6-4DE8-82AE-9DC3AA879840}.Debug|Any CPU.ActiveCfg = Debug|Any CPU
		{34D65F7C-4CA6-4DE8-82AE-9DC3AA879840}.Debug|Any CPU.Build.0 = Debug|Any CPU
		{34D65F7C-4CA6-4DE8-82AE-9DC3AA879840}.Release|Any CPU.ActiveCfg = Release|Any CPU
		{34D65F7C-4CA6-4DE8-82AE-9DC3AA879840}.Release|Any CPU.Build.0 = Release|Any CPU
		{2578266A-EE12-4483-9E7D-F6CD75301FF1}.Debug|Any CPU.ActiveCfg = Debug|Any CPU
		{2578266A-EE12-4483-9E7D-F6CD75301FF1}.Debug|Any CPU.Build.0 = Debug|Any CPU
		{2578266A-EE12-4483-9E7D-F6CD75301FF1}.Release|Any CPU.ActiveCfg = Release|Any CPU
		{2578266A-EE12-4483-9E7D-F6CD75301FF1}.Release|Any CPU.Build.0 = Release|Any CPU
		{99D0EB97-D580-4EE6-BD3D-7D926BFEDFAF}.Debug|Any CPU.ActiveCfg = Debug|Any CPU
		{99D0EB97-D580-4EE6-BD3D-7D926BFEDFAF}.Debug|Any CPU.Build.0 = Debug|Any CPU
		{99D0EB97-D580-4EE6-BD3D-7D926BFEDFAF}.Release|Any CPU.ActiveCfg = Release|Any CPU
		{99D0EB97-D580-4EE6-BD3D-7D926BFEDFAF}.Release|Any CPU.Build.0 = Release|Any CPU
	EndGlobalSection
	GlobalSection(SolutionProperties) = preSolution
		HideSolutionNode = FALSE
	EndGlobalSection
	GlobalSection(ExtensibilityGlobals) = postSolution
		SolutionGuid = {77D6BC33-5321-4226-A4A1-44346DAF63FB}
	EndGlobalSection
EndGlobal
